{
  "name": "2020-2021-pai-trabajo-oodesign-solid-viren-dhanwani-daniel-escanez",
  "version": "1.0.0",
  "lockfileVersion": 1,
  "requires": true,
  "dependencies": {
    "eslint-config-eslint": {
      "version": "7.0.0",
      "resolved": "https://registry.npmjs.org/eslint-config-eslint/-/eslint-config-eslint-7.0.0.tgz",
      "integrity": "sha512-gxUttladfTQaJKmSh9jbrN4Qba27yYBVwp0YsaOqjEWtOZYtc+MOgoWFh2x4Ewxjqr8sZZS1yTguXgoktzXOvQ==",
      "dev": true
    }
  }
}
